// !$*UTF8*$!
{
	archiveVersion = 1;
	classes = {
	};
	objectVersion = 60;
	objects = {

/* Begin PBXBuildFile section */
		EF0C096E2C330BE4009CCFC3 /* DrawSignatureView.swift in Sources */ = {isa = PBXBuildFile; fileRef = EF0C096D2C330BE4009CCFC3 /* DrawSignatureView.swift */; };
		EF0C09702C330C7A009CCFC3 /* SignatureView.swift in Sources */ = {isa = PBXBuildFile; fileRef = EF0C096F2C330C7A009CCFC3 /* SignatureView.swift */; };
		EF0C09722C330CE5009CCFC3 /* Sign.swift in Sources */ = {isa = PBXBuildFile; fileRef = EF0C09712C330CE5009CCFC3 /* Sign.swift */; };
		EF0C09742C3326D7009CCFC3 /* LocationManager.swift in Sources */ = {isa = PBXBuildFile; fileRef = EF0C09732C3326D7009CCFC3 /* LocationManager.swift */; };
		EF0C09762C3331B6009CCFC3 /* ChecklistPDFView.swift in Sources */ = {isa = PBXBuildFile; fileRef = EF0C09752C3331B6009CCFC3 /* ChecklistPDFView.swift */; };
		EF2B59E62C32E589007A7D85 /* SignChecklistSheet.swift in Sources */ = {isa = PBXBuildFile; fileRef = EF2B59E52C32E589007A7D85 /* SignChecklistSheet.swift */; };
		EF2B59E82C32E5CC007A7D85 /* ExecListModel.swift in Sources */ = {isa = PBXBuildFile; fileRef = EF2B59E72C32E5CC007A7D85 /* ExecListModel.swift */; };
		EF6A925A2C372930001109D3 /* Color+Extensions.swift in Sources */ = {isa = PBXBuildFile; fileRef = EF6A92592C372930001109D3 /* Color+Extensions.swift */; };
		EF6F83052C31E12000EF9688 /* DepartmentModel.swift in Sources */ = {isa = PBXBuildFile; fileRef = EF6F83042C31E12000EF9688 /* DepartmentModel.swift */; };
		EF6F83072C31E3BB00EF9688 /* Departments+Samples.swift in Sources */ = {isa = PBXBuildFile; fileRef = EF6F83062C31E3BB00EF9688 /* Departments+Samples.swift */; };
		EF6F83092C32043000EF9688 /* CircularProgressBarView.swift in Sources */ = {isa = PBXBuildFile; fileRef = EF6F83082C32043000EF9688 /* CircularProgressBarView.swift */; };
		EFC968272C319B6500114A6C /* ChecklistsObservationApp.swift in Sources */ = {isa = PBXBuildFile; fileRef = EFC968262C319B6500114A6C /* ChecklistsObservationApp.swift */; };
		EFC968292C319B6500114A6C /* ContentView.swift in Sources */ = {isa = PBXBuildFile; fileRef = EFC968282C319B6500114A6C /* ContentView.swift */; };
		EFC9682B2C319B6600114A6C /* Assets.xcassets in Resources */ = {isa = PBXBuildFile; fileRef = EFC9682A2C319B6600114A6C /* Assets.xcassets */; };
		EFC9682F2C319B6600114A6C /* Preview Assets.xcassets in Resources */ = {isa = PBXBuildFile; fileRef = EFC9682E2C319B6600114A6C /* Preview Assets.xcassets */; };
		EFC968362C319BFB00114A6C /* ChecklistModel.swift in Sources */ = {isa = PBXBuildFile; fileRef = EFC968352C319BFB00114A6C /* ChecklistModel.swift */; };
		EFC968382C319C6800114A6C /* ChecklineModel.swift in Sources */ = {isa = PBXBuildFile; fileRef = EFC968372C319C6800114A6C /* ChecklineModel.swift */; };
		EFC9683A2C319CD900114A6C /* ChecklistsStore.swift in Sources */ = {isa = PBXBuildFile; fileRef = EFC968392C319CD900114A6C /* ChecklistsStore.swift */; };
		EFC9683C2C31A08900114A6C /* ChecklistDetailView.swift in Sources */ = {isa = PBXBuildFile; fileRef = EFC9683B2C31A08900114A6C /* ChecklistDetailView.swift */; };
		EFC968432C31A76A00114A6C /* ChecklineEditSheet.swift in Sources */ = {isa = PBXBuildFile; fileRef = EFC968422C31A76A00114A6C /* ChecklineEditSheet.swift */; };
		EFC968462C31C35D00114A6C /* Checklists+Samples.swift in Sources */ = {isa = PBXBuildFile; fileRef = EFC968452C31C35D00114A6C /* Checklists+Samples.swift */; };
		EFC968492C31CB1000114A6C /* ChecklistEditSheet.swift in Sources */ = {isa = PBXBuildFile; fileRef = EFC968482C31CB1000114A6C /* ChecklistEditSheet.swift */; };
		EFC9684B2C31CE0000114A6C /* ChecklistsView.swift in Sources */ = {isa = PBXBuildFile; fileRef = EFC9684A2C31CE0000114A6C /* ChecklistsView.swift */; };
/* End PBXBuildFile section */

/* Begin PBXFileReference section */
		EF0C096D2C330BE4009CCFC3 /* DrawSignatureView.swift */ = {isa = PBXFileReference; lastKnownFileType = sourcecode.swift; path = DrawSignatureView.swift; sourceTree = "<group>"; };
		EF0C096F2C330C7A009CCFC3 /* SignatureView.swift */ = {isa = PBXFileReference; lastKnownFileType = sourcecode.swift; path = SignatureView.swift; sourceTree = "<group>"; };
		EF0C09712C330CE5009CCFC3 /* Sign.swift */ = {isa = PBXFileReference; lastKnownFileType = sourcecode.swift; path = Sign.swift; sourceTree = "<group>"; };
		EF0C09732C3326D7009CCFC3 /* LocationManager.swift */ = {isa = PBXFileReference; lastKnownFileType = sourcecode.swift; path = LocationManager.swift; sourceTree = "<group>"; };
		EF0C09752C3331B6009CCFC3 /* ChecklistPDFView.swift */ = {isa = PBXFileReference; lastKnownFileType = sourcecode.swift; path = ChecklistPDFView.swift; sourceTree = "<group>"; };
		EF2B59E52C32E589007A7D85 /* SignChecklistSheet.swift */ = {isa = PBXFileReference; lastKnownFileType = sourcecode.swift; path = SignChecklistSheet.swift; sourceTree = "<group>"; };
		EF2B59E72C32E5CC007A7D85 /* ExecListModel.swift */ = {isa = PBXFileReference; lastKnownFileType = sourcecode.swift; path = ExecListModel.swift; sourceTree = "<group>"; };
		EF6A92592C372930001109D3 /* Color+Extensions.swift */ = {isa = PBXFileReference; lastKnownFileType = sourcecode.swift; path = "Color+Extensions.swift"; sourceTree = "<group>"; };
		EF6F83042C31E12000EF9688 /* DepartmentModel.swift */ = {isa = PBXFileReference; lastKnownFileType = sourcecode.swift; path = DepartmentModel.swift; sourceTree = "<group>"; };
		EF6F83062C31E3BB00EF9688 /* Departments+Samples.swift */ = {isa = PBXFileReference; lastKnownFileType = sourcecode.swift; path = "Departments+Samples.swift"; sourceTree = "<group>"; };
		EF6F83082C32043000EF9688 /* CircularProgressBarView.swift */ = {isa = PBXFileReference; lastKnownFileType = sourcecode.swift; path = CircularProgressBarView.swift; sourceTree = "<group>"; };
		EFC968232C319B6500114A6C /* ChecklistsObservation.app */ = {isa = PBXFileReference; explicitFileType = wrapper.application; includeInIndex = 0; path = ChecklistsObservation.app; sourceTree = BUILT_PRODUCTS_DIR; };
		EFC968262C319B6500114A6C /* ChecklistsObservationApp.swift */ = {isa = PBXFileReference; lastKnownFileType = sourcecode.swift; path = ChecklistsObservationApp.swift; sourceTree = "<group>"; };
		EFC968282C319B6500114A6C /* ContentView.swift */ = {isa = PBXFileReference; lastKnownFileType = sourcecode.swift; path = ContentView.swift; sourceTree = "<group>"; };
		EFC9682A2C319B6600114A6C /* Assets.xcassets */ = {isa = PBXFileReference; lastKnownFileType = folder.assetcatalog; path = Assets.xcassets; sourceTree = "<group>"; };
		EFC9682C2C319B6600114A6C /* ChecklistsObservation.entitlements */ = {isa = PBXFileReference; lastKnownFileType = text.plist.entitlements; path = ChecklistsObservation.entitlements; sourceTree = "<group>"; };
		EFC9682E2C319B6600114A6C /* Preview Assets.xcassets */ = {isa = PBXFileReference; lastKnownFileType = folder.assetcatalog; path = "Preview Assets.xcassets"; sourceTree = "<group>"; };
		EFC968352C319BFB00114A6C /* ChecklistModel.swift */ = {isa = PBXFileReference; lastKnownFileType = sourcecode.swift; path = ChecklistModel.swift; sourceTree = "<group>"; };
		EFC968372C319C6800114A6C /* ChecklineModel.swift */ = {isa = PBXFileReference; lastKnownFileType = sourcecode.swift; path = ChecklineModel.swift; sourceTree = "<group>"; };
		EFC968392C319CD900114A6C /* ChecklistsStore.swift */ = {isa = PBXFileReference; lastKnownFileType = sourcecode.swift; path = ChecklistsStore.swift; sourceTree = "<group>"; };
		EFC9683B2C31A08900114A6C /* ChecklistDetailView.swift */ = {isa = PBXFileReference; lastKnownFileType = sourcecode.swift; path = ChecklistDetailView.swift; sourceTree = "<group>"; };
		EFC968422C31A76A00114A6C /* ChecklineEditSheet.swift */ = {isa = PBXFileReference; lastKnownFileType = sourcecode.swift; path = ChecklineEditSheet.swift; sourceTree = "<group>"; };
		EFC968452C31C35D00114A6C /* Checklists+Samples.swift */ = {isa = PBXFileReference; lastKnownFileType = sourcecode.swift; path = "Checklists+Samples.swift"; sourceTree = "<group>"; };
		EFC968472C31C4FA00114A6C /* README.md */ = {isa = PBXFileReference; lastKnownFileType = net.daringfireball.markdown; path = README.md; sourceTree = "<group>"; };
		EFC968482C31CB1000114A6C /* ChecklistEditSheet.swift */ = {isa = PBXFileReference; lastKnownFileType = sourcecode.swift; path = ChecklistEditSheet.swift; sourceTree = "<group>"; };
		EFC9684A2C31CE0000114A6C /* ChecklistsView.swift */ = {isa = PBXFileReference; lastKnownFileType = sourcecode.swift; path = ChecklistsView.swift; sourceTree = "<group>"; };
/* End PBXFileReference section */

/* Begin PBXFrameworksBuildPhase section */
		EFC968202C319B6500114A6C /* Frameworks */ = {
			isa = PBXFrameworksBuildPhase;
			buildActionMask = 2147483647;
			files = (
			);
			runOnlyForDeploymentPostprocessing = 0;
		};
/* End PBXFrameworksBuildPhase section */

/* Begin PBXGroup section */
		EF6A92582C3728EE001109D3 /* Extensions */ = {
			isa = PBXGroup;
			children = (
				EF6A92592C372930001109D3 /* Color+Extensions.swift */,
			);
			path = Extensions;
			sourceTree = "<group>";
		};
		EF6F830A2C32043B00EF9688 /* Componants */ = {
			isa = PBXGroup;
			children = (
				EF6F83082C32043000EF9688 /* CircularProgressBarView.swift */,
				EF0C096D2C330BE4009CCFC3 /* DrawSignatureView.swift */,
				EF0C096F2C330C7A009CCFC3 /* SignatureView.swift */,
				EF0C09712C330CE5009CCFC3 /* Sign.swift */,
			);
			path = Componants;
			sourceTree = "<group>";
		};
		EFC9681A2C319B6500114A6C = {
			isa = PBXGroup;
			children = (
				EFC968472C31C4FA00114A6C /* README.md */,
				EFC968252C319B6500114A6C /* ChecklistsObservation */,
				EFC968242C319B6500114A6C /* Products */,
			);
			sourceTree = "<group>";
		};
		EFC968242C319B6500114A6C /* Products */ = {
			isa = PBXGroup;
			children = (
				EFC968232C319B6500114A6C /* ChecklistsObservation.app */,
			);
			name = Products;
			sourceTree = "<group>";
		};
		EFC968252C319B6500114A6C /* ChecklistsObservation */ = {
			isa = PBXGroup;
			children = (
				EFC968262C319B6500114A6C /* ChecklistsObservationApp.swift */,
				EFC968412C31A2E300114A6C /* Views */,
				EF6F830A2C32043B00EF9688 /* Componants */,
				EFC9683E2C31A17300114A6C /* Stores */,
				EFC9683D2C31A16900114A6C /* Models */,
				EF6A92582C3728EE001109D3 /* Extensions */,
				EFC968442C31C33D00114A6C /* Samples */,
				EFC9682A2C319B6600114A6C /* Assets.xcassets */,
				EFC9682C2C319B6600114A6C /* ChecklistsObservation.entitlements */,
				EFC9682D2C319B6600114A6C /* Preview Content */,
			);
			path = ChecklistsObservation;
			sourceTree = "<group>";
		};
		EFC9682D2C319B6600114A6C /* Preview Content */ = {
			isa = PBXGroup;
			children = (
				EFC9682E2C319B6600114A6C /* Preview Assets.xcassets */,
			);
			path = "Preview Content";
			sourceTree = "<group>";
		};
		EFC9683D2C31A16900114A6C /* Models */ = {
			isa = PBXGroup;
			children = (
				EF6F83042C31E12000EF9688 /* DepartmentModel.swift */,
				EFC968352C319BFB00114A6C /* ChecklistModel.swift */,
				EFC968372C319C6800114A6C /* ChecklineModel.swift */,
				EF2B59E72C32E5CC007A7D85 /* ExecListModel.swift */,
			);
			path = Models;
			sourceTree = "<group>";
		};
		EFC9683E2C31A17300114A6C /* Stores */ = {
			isa = PBXGroup;
			children = (
				EFC968392C319CD900114A6C /* ChecklistsStore.swift */,
				EF0C09732C3326D7009CCFC3 /* LocationManager.swift */,
			);
			path = Stores;
			sourceTree = "<group>";
		};
		EFC968412C31A2E300114A6C /* Views */ = {
			isa = PBXGroup;
			children = (
				EFC968282C319B6500114A6C /* ContentView.swift */,
				EFC9684A2C31CE0000114A6C /* ChecklistsView.swift */,
				EFC968482C31CB1000114A6C /* ChecklistEditSheet.swift */,
				EFC9683B2C31A08900114A6C /* ChecklistDetailView.swift */,
				EF2B59E52C32E589007A7D85 /* SignChecklistSheet.swift */,
				EFC968422C31A76A00114A6C /* ChecklineEditSheet.swift */,
				EF0C09752C3331B6009CCFC3 /* ChecklistPDFView.swift */,
			);
			path = Views;
			sourceTree = "<group>";
		};
		EFC968442C31C33D00114A6C /* Samples */ = {
			isa = PBXGroup;
			children = (
				EFC968452C31C35D00114A6C /* Checklists+Samples.swift */,
				EF6F83062C31E3BB00EF9688 /* Departments+Samples.swift */,
			);
			path = Samples;
			sourceTree = "<group>";
		};
/* End PBXGroup section */

/* Begin PBXNativeTarget section */
		EFC968222C319B6500114A6C /* ChecklistsObservation */ = {
			isa = PBXNativeTarget;
			buildConfigurationList = EFC968322C319B6600114A6C /* Build configuration list for PBXNativeTarget "ChecklistsObservation" */;
			buildPhases = (
				EFC9681F2C319B6500114A6C /* Sources */,
				EFC968202C319B6500114A6C /* Frameworks */,
				EFC968212C319B6500114A6C /* Resources */,
			);
			buildRules = (
			);
			dependencies = (
			);
			name = ChecklistsObservation;
			productName = ChecklistsObservation;
			productReference = EFC968232C319B6500114A6C /* ChecklistsObservation.app */;
			productType = "com.apple.product-type.application";
		};
/* End PBXNativeTarget section */

/* Begin PBXProject section */
		EFC9681B2C319B6500114A6C /* Project object */ = {
			isa = PBXProject;
			attributes = {
				BuildIndependentTargetsInParallel = 1;
				LastSwiftUpdateCheck = 1600;
				LastUpgradeCheck = 1600;
				TargetAttributes = {
					EFC968222C319B6500114A6C = {
						CreatedOnToolsVersion = 16.0;
					};
				};
			};
			buildConfigurationList = EFC9681E2C319B6500114A6C /* Build configuration list for PBXProject "ChecklistsObservation" */;
			compatibilityVersion = "Xcode 15.0";
			developmentRegion = en;
			hasScannedForEncodings = 0;
			knownRegions = (
				en,
				Base,
			);
			mainGroup = EFC9681A2C319B6500114A6C;
			productRefGroup = EFC968242C319B6500114A6C /* Products */;
			projectDirPath = "";
			projectRoot = "";
			targets = (
				EFC968222C319B6500114A6C /* ChecklistsObservation */,
			);
		};
/* End PBXProject section */

/* Begin PBXResourcesBuildPhase section */
		EFC968212C319B6500114A6C /* Resources */ = {
			isa = PBXResourcesBuildPhase;
			buildActionMask = 2147483647;
			files = (
				EFC9682F2C319B6600114A6C /* Preview Assets.xcassets in Resources */,
				EFC9682B2C319B6600114A6C /* Assets.xcassets in Resources */,
			);
			runOnlyForDeploymentPostprocessing = 0;
		};
/* End PBXResourcesBuildPhase section */

/* Begin PBXSourcesBuildPhase section */
		EFC9681F2C319B6500114A6C /* Sources */ = {
			isa = PBXSourcesBuildPhase;
			buildActionMask = 2147483647;
			files = (
				EFC968462C31C35D00114A6C /* Checklists+Samples.swift in Sources */,
				EFC968292C319B6500114A6C /* ContentView.swift in Sources */,
				EF0C09722C330CE5009CCFC3 /* Sign.swift in Sources */,
				EFC968432C31A76A00114A6C /* ChecklineEditSheet.swift in Sources */,
				EF0C09762C3331B6009CCFC3 /* ChecklistPDFView.swift in Sources */,
				EFC968272C319B6500114A6C /* ChecklistsObservationApp.swift in Sources */,
				EFC968382C319C6800114A6C /* ChecklineModel.swift in Sources */,
				EF2B59E62C32E589007A7D85 /* SignChecklistSheet.swift in Sources */,
				EF6F83052C31E12000EF9688 /* DepartmentModel.swift in Sources */,
				EFC968492C31CB1000114A6C /* ChecklistEditSheet.swift in Sources */,
				EF6F83072C31E3BB00EF9688 /* Departments+Samples.swift in Sources */,
				EF6A925A2C372930001109D3 /* Color+Extensions.swift in Sources */,
				EFC968362C319BFB00114A6C /* ChecklistModel.swift in Sources */,
				EFC9684B2C31CE0000114A6C /* ChecklistsView.swift in Sources */,
				EF6F83092C32043000EF9688 /* CircularProgressBarView.swift in Sources */,
				EF2B59E82C32E5CC007A7D85 /* ExecListModel.swift in Sources */,
				EF0C096E2C330BE4009CCFC3 /* DrawSignatureView.swift in Sources */,
				EFC9683C2C31A08900114A6C /* ChecklistDetailView.swift in Sources */,
				EF0C09702C330C7A009CCFC3 /* SignatureView.swift in Sources */,
				EF0C09742C3326D7009CCFC3 /* LocationManager.swift in Sources */,
				EFC9683A2C319CD900114A6C /* ChecklistsStore.swift in Sources */,
			);
			runOnlyForDeploymentPostprocessing = 0;
		};
/* End PBXSourcesBuildPhase section */

/* Begin XCBuildConfiguration section */
		EFC968302C319B6600114A6C /* Debug */ = {
			isa = XCBuildConfiguration;
			buildSettings = {
				ALWAYS_SEARCH_USER_PATHS = NO;
				ASSETCATALOG_COMPILER_GENERATE_SWIFT_ASSET_SYMBOL_EXTENSIONS = YES;
				CLANG_ANALYZER_NONNULL = YES;
				CLANG_ANALYZER_NUMBER_OBJECT_CONVERSION = YES_AGGRESSIVE;
				CLANG_CXX_LANGUAGE_STANDARD = "gnu++20";
				CLANG_ENABLE_MODULES = YES;
				CLANG_ENABLE_OBJC_ARC = YES;
				CLANG_ENABLE_OBJC_WEAK = YES;
				CLANG_WARN_BLOCK_CAPTURE_AUTORELEASING = YES;
				CLANG_WARN_BOOL_CONVERSION = YES;
				CLANG_WARN_COMMA = YES;
				CLANG_WARN_CONSTANT_CONVERSION = YES;
				CLANG_WARN_DEPRECATED_OBJC_IMPLEMENTATIONS = YES;
				CLANG_WARN_DIRECT_OBJC_ISA_USAGE = YES_ERROR;
				CLANG_WARN_DOCUMENTATION_COMMENTS = YES;
				CLANG_WARN_EMPTY_BODY = YES;
				CLANG_WARN_ENUM_CONVERSION = YES;
				CLANG_WARN_INFINITE_RECURSION = YES;
				CLANG_WARN_INT_CONVERSION = YES;
				CLANG_WARN_NON_LITERAL_NULL_CONVERSION = YES;
				CLANG_WARN_OBJC_IMPLICIT_RETAIN_SELF = YES;
				CLANG_WARN_OBJC_LITERAL_CONVERSION = YES;
				CLANG_WARN_OBJC_ROOT_CLASS = YES_ERROR;
				CLANG_WARN_QUOTED_INCLUDE_IN_FRAMEWORK_HEADER = YES;
				CLANG_WARN_RANGE_LOOP_ANALYSIS = YES;
				CLANG_WARN_STRICT_PROTOTYPES = YES;
				CLANG_WARN_SUSPICIOUS_MOVE = YES;
				CLANG_WARN_UNGUARDED_AVAILABILITY = YES_AGGRESSIVE;
				CLANG_WARN_UNREACHABLE_CODE = YES;
				CLANG_WARN__DUPLICATE_METHOD_MATCH = YES;
				COPY_PHASE_STRIP = NO;
				DEBUG_INFORMATION_FORMAT = dwarf;
				ENABLE_STRICT_OBJC_MSGSEND = YES;
				ENABLE_TESTABILITY = YES;
				ENABLE_USER_SCRIPT_SANDBOXING = YES;
				GCC_C_LANGUAGE_STANDARD = gnu17;
				GCC_DYNAMIC_NO_PIC = NO;
				GCC_NO_COMMON_BLOCKS = YES;
				GCC_OPTIMIZATION_LEVEL = 0;
				GCC_PREPROCESSOR_DEFINITIONS = (
					"DEBUG=1",
					"$(inherited)",
				);
				GCC_WARN_64_TO_32_BIT_CONVERSION = YES;
				GCC_WARN_ABOUT_RETURN_TYPE = YES_ERROR;
				GCC_WARN_UNDECLARED_SELECTOR = YES;
				GCC_WARN_UNINITIALIZED_AUTOS = YES_AGGRESSIVE;
				GCC_WARN_UNUSED_FUNCTION = YES;
				GCC_WARN_UNUSED_VARIABLE = YES;
				LOCALIZATION_PREFERS_STRING_CATALOGS = YES;
				MTL_ENABLE_DEBUG_INFO = INCLUDE_SOURCE;
				MTL_FAST_MATH = YES;
				ONLY_ACTIVE_ARCH = YES;
				SWIFT_ACTIVE_COMPILATION_CONDITIONS = "DEBUG $(inherited)";
				SWIFT_OPTIMIZATION_LEVEL = "-Onone";
			};
			name = Debug;
		};
		EFC968312C319B6600114A6C /* Release */ = {
			isa = XCBuildConfiguration;
			buildSettings = {
				ALWAYS_SEARCH_USER_PATHS = NO;
				ASSETCATALOG_COMPILER_GENERATE_SWIFT_ASSET_SYMBOL_EXTENSIONS = YES;
				CLANG_ANALYZER_NONNULL = YES;
				CLANG_ANALYZER_NUMBER_OBJECT_CONVERSION = YES_AGGRESSIVE;
				CLANG_CXX_LANGUAGE_STANDARD = "gnu++20";
				CLANG_ENABLE_MODULES = YES;
				CLANG_ENABLE_OBJC_ARC = YES;
				CLANG_ENABLE_OBJC_WEAK = YES;
				CLANG_WARN_BLOCK_CAPTURE_AUTORELEASING = YES;
				CLANG_WARN_BOOL_CONVERSION = YES;
				CLANG_WARN_COMMA = YES;
				CLANG_WARN_CONSTANT_CONVERSION = YES;
				CLANG_WARN_DEPRECATED_OBJC_IMPLEMENTATIONS = YES;
				CLANG_WARN_DIRECT_OBJC_ISA_USAGE = YES_ERROR;
				CLANG_WARN_DOCUMENTATION_COMMENTS = YES;
				CLANG_WARN_EMPTY_BODY = YES;
				CLANG_WARN_ENUM_CONVERSION = YES;
				CLANG_WARN_INFINITE_RECURSION = YES;
				CLANG_WARN_INT_CONVERSION = YES;
				CLANG_WARN_NON_LITERAL_NULL_CONVERSION = YES;
				CLANG_WARN_OBJC_IMPLICIT_RETAIN_SELF = YES;
				CLANG_WARN_OBJC_LITERAL_CONVERSION = YES;
				CLANG_WARN_OBJC_ROOT_CLASS = YES_ERROR;
				CLANG_WARN_QUOTED_INCLUDE_IN_FRAMEWORK_HEADER = YES;
				CLANG_WARN_RANGE_LOOP_ANALYSIS = YES;
				CLANG_WARN_STRICT_PROTOTYPES = YES;
				CLANG_WARN_SUSPICIOUS_MOVE = YES;
				CLANG_WARN_UNGUARDED_AVAILABILITY = YES_AGGRESSIVE;
				CLANG_WARN_UNREACHABLE_CODE = YES;
				CLANG_WARN__DUPLICATE_METHOD_MATCH = YES;
				COPY_PHASE_STRIP = NO;
				DEBUG_INFORMATION_FORMAT = "dwarf-with-dsym";
				ENABLE_NS_ASSERTIONS = NO;
				ENABLE_STRICT_OBJC_MSGSEND = YES;
				ENABLE_USER_SCRIPT_SANDBOXING = YES;
				GCC_C_LANGUAGE_STANDARD = gnu17;
				GCC_NO_COMMON_BLOCKS = YES;
				GCC_WARN_64_TO_32_BIT_CONVERSION = YES;
				GCC_WARN_ABOUT_RETURN_TYPE = YES_ERROR;
				GCC_WARN_UNDECLARED_SELECTOR = YES;
				GCC_WARN_UNINITIALIZED_AUTOS = YES_AGGRESSIVE;
				GCC_WARN_UNUSED_FUNCTION = YES;
				GCC_WARN_UNUSED_VARIABLE = YES;
				LOCALIZATION_PREFERS_STRING_CATALOGS = YES;
				MTL_ENABLE_DEBUG_INFO = NO;
				MTL_FAST_MATH = YES;
				SWIFT_COMPILATION_MODE = wholemodule;
			};
			name = Release;
		};
		EFC968332C319B6600114A6C /* Debug */ = {
			isa = XCBuildConfiguration;
			buildSettings = {
				ASSETCATALOG_COMPILER_APPICON_NAME = AppIcon;
				ASSETCATALOG_COMPILER_GLOBAL_ACCENT_COLOR_NAME = AccentColor;
				CODE_SIGN_ENTITLEMENTS = ChecklistsObservation/ChecklistsObservation.entitlements;
				CODE_SIGN_STYLE = Automatic;
				CURRENT_PROJECT_VERSION = 1;
				DEVELOPMENT_ASSET_PATHS = "\"ChecklistsObservation/Preview Content\"";
				DEVELOPMENT_TEAM = AFN965WVDV;
				ENABLE_HARDENED_RUNTIME = YES;
				ENABLE_PREVIEWS = YES;
				GENERATE_INFOPLIST_FILE = YES;
				INFOPLIST_KEY_NSLocationWhenInUseUsageDescription = "Your app needs to accessto your location to sign your checklist";
				"INFOPLIST_KEY_UIApplicationSceneManifest_Generation[sdk=iphoneos*]" = YES;
				"INFOPLIST_KEY_UIApplicationSceneManifest_Generation[sdk=iphonesimulator*]" = YES;
				"INFOPLIST_KEY_UIApplicationSupportsIndirectInputEvents[sdk=iphoneos*]" = YES;
				"INFOPLIST_KEY_UIApplicationSupportsIndirectInputEvents[sdk=iphonesimulator*]" = YES;
				"INFOPLIST_KEY_UILaunchScreen_Generation[sdk=iphoneos*]" = YES;
				"INFOPLIST_KEY_UILaunchScreen_Generation[sdk=iphonesimulator*]" = YES;
				"INFOPLIST_KEY_UIStatusBarStyle[sdk=iphoneos*]" = UIStatusBarStyleDefault;
				"INFOPLIST_KEY_UIStatusBarStyle[sdk=iphonesimulator*]" = UIStatusBarStyleDefault;
				INFOPLIST_KEY_UISupportedInterfaceOrientations_iPad = "UIInterfaceOrientationPortrait UIInterfaceOrientationPortraitUpsideDown UIInterfaceOrientationLandscapeLeft UIInterfaceOrientationLandscapeRight";
				INFOPLIST_KEY_UISupportedInterfaceOrientations_iPhone = "UIInterfaceOrientationPortrait UIInterfaceOrientationLandscapeLeft UIInterfaceOrientationLandscapeRight";
				IPHONEOS_DEPLOYMENT_TARGET = 17.0;
				LD_RUNPATH_SEARCH_PATHS = "@executable_path/Frameworks";
				"LD_RUNPATH_SEARCH_PATHS[sdk=macosx*]" = "@executable_path/../Frameworks";
				MACOSX_DEPLOYMENT_TARGET = 14.0;
				MARKETING_VERSION = 1.0;
				PRODUCT_BUNDLE_IDENTIFIER = Net.Silex.ChecklistsObservation;
				PRODUCT_NAME = "$(TARGET_NAME)";
				SDKROOT = auto;
				SUPPORTED_PLATFORMS = "iphoneos iphonesimulator macosx";
				SUPPORTS_MACCATALYST = NO;
				SWIFT_EMIT_LOC_STRINGS = YES;
				SWIFT_VERSION = 5.0;
				TARGETED_DEVICE_FAMILY = "1,2";
				XROS_DEPLOYMENT_TARGET = 2.0;
			};
			name = Debug;
		};
		EFC968342C319B6600114A6C /* Release */ = {
			isa = XCBuildConfiguration;
			buildSettings = {
				ASSETCATALOG_COMPILER_APPICON_NAME = AppIcon;
				ASSETCATALOG_COMPILER_GLOBAL_ACCENT_COLOR_NAME = AccentColor;
				CODE_SIGN_ENTITLEMENTS = ChecklistsObservation/ChecklistsObservation.entitlements;
				CODE_SIGN_STYLE = Automatic;
				CURRENT_PROJECT_VERSION = 1;
				DEVELOPMENT_ASSET_PATHS = "\"ChecklistsObservation/Preview Content\"";
				DEVELOPMENT_TEAM = AFN965WVDV;
				ENABLE_HARDENED_RUNTIME = YES;
				ENABLE_PREVIEWS = YES;
				GENERATE_INFOPLIST_FILE = YES;
				INFOPLIST_KEY_NSLocationWhenInUseUsageDescription = "Your app needs to accessto your location to sign your checklist";
				"INFOPLIST_KEY_UIApplicationSceneManifest_Generation[sdk=iphoneos*]" = YES;
				"INFOPLIST_KEY_UIApplicationSceneManifest_Generation[sdk=iphonesimulator*]" = YES;
				"INFOPLIST_KEY_UIApplicationSupportsIndirectInputEvents[sdk=iphoneos*]" = YES;
				"INFOPLIST_KEY_UIApplicationSupportsIndirectInputEvents[sdk=iphonesimulator*]" = YES;
				"INFOPLIST_KEY_UILaunchScreen_Generation[sdk=iphoneos*]" = YES;
				"INFOPLIST_KEY_UILaunchScreen_Generation[sdk=iphonesimulator*]" = YES;
				"INFOPLIST_KEY_UIStatusBarStyle[sdk=iphoneos*]" = UIStatusBarStyleDefault;
				"INFOPLIST_KEY_UIStatusBarStyle[sdk=iphonesimulator*]" = UIStatusBarStyleDefault;
				INFOPLIST_KEY_UISupportedInterfaceOrientations_iPad = "UIInterfaceOrientationPortrait UIInterfaceOrientationPortraitUpsideDown UIInterfaceOrientationLandscapeLeft UIInterfaceOrientationLandscapeRight";
				INFOPLIST_KEY_UISupportedInterfaceOrientations_iPhone = "UIInterfaceOrientationPortrait UIInterfaceOrientationLandscapeLeft UIInterfaceOrientationLandscapeRight";
				IPHONEOS_DEPLOYMENT_TARGET = 17.0;
				LD_RUNPATH_SEARCH_PATHS = "@executable_path/Frameworks";
				"LD_RUNPATH_SEARCH_PATHS[sdk=macosx*]" = "@executable_path/../Frameworks";
				MACOSX_DEPLOYMENT_TARGET = 14.0;
				MARKETING_VERSION = 1.0;
				PRODUCT_BUNDLE_IDENTIFIER = Net.Silex.ChecklistsObservation;
				PRODUCT_NAME = "$(TARGET_NAME)";
				SDKROOT = auto;
				SUPPORTED_PLATFORMS = "iphoneos iphonesimulator macosx";
				SUPPORTS_MACCATALYST = NO;
				SWIFT_EMIT_LOC_STRINGS = YES;
				SWIFT_VERSION = 5.0;
				TARGETED_DEVICE_FAMILY = "1,2";
				XROS_DEPLOYMENT_TARGET = 2.0;
			};
			name = Release;
		};
/* End XCBuildConfiguration section */

/* Begin XCConfigurationList section */
		EFC9681E2C319B6500114A6C /* Build configuration list for PBXProject "ChecklistsObservation" */ = {
			isa = XCConfigurationList;
			buildConfigurations = (
				EFC968302C319B6600114A6C /* Debug */,
				EFC968312C319B6600114A6C /* Release */,
			);
			defaultConfigurationIsVisible = 0;
			defaultConfigurationName = Release;
		};
		EFC968322C319B6600114A6C /* Build configuration list for PBXNativeTarget "ChecklistsObservation" */ = {
			isa = XCConfigurationList;
			buildConfigurations = (
				EFC968332C319B6600114A6C /* Debug */,
				EFC968342C319B6600114A6C /* Release */,
			);
			defaultConfigurationIsVisible = 0;
			defaultConfigurationName = Release;
		};
/* End XCConfigurationList section */
	};
	rootObject = EFC9681B2C319B6500114A6C /* Project object */;
}
